
Microsoft Visual Studio Solution File, Format Version 12.00
# Visual Studio Version 17
VisualStudioVersion = 17.2.32630.192
MinimumVisualStudioVersion = 10.0.40219.1
Project("{FAE04EC0-301F-11D3-BF4B-00C04F79EFBC}") = "proje03_Degisken_Ornekleri", "proje03_Degisken_Ornekleri.csproj", "{A505A63F-90D5-44C8-9CD3-C6676540552C}"
EndProject
Global
	GlobalSection(SolutionConfigurationPlatforms) = preSolution
		Debug|Any CPU = Debug|Any CPU
		Release|Any CPU = Release|Any CPU
	EndGlobalSection
	GlobalSection(ProjectConfigurationPlatforms) = postSolution
		{A505A63F-90D5-44C8-9CD3-C6676540552C}.Debug|Any CPU.ActiveCfg = Debug|Any CPU
		{A505A63F-90D5-44C8-9CD3-C6676540552C}.Debug|Any CPU.Build.0 = Debug|Any CPU
		{A505A63F-90D5-44C8-9CD3-C6676540552C}.Release|Any CPU.ActiveCfg = Release|Any CPU
		{A505A63F-90D5-44C8-9CD3-C6676540552C}.Release|Any CPU.Build.0 = Release|Any CPU
	EndGlobalSection
	GlobalSection(SolutionProperties) = preSolution
		HideSolutionNode = FALSE
	EndGlobalSection
	GlobalSection(ExtensibilityGlobals) = postSolution
		SolutionGuid = {75CA9E95-F729-4990-A50D-AB80D3ACF480}
	EndGlobalSection
EndGlobal
