
Microsoft Visual Studio Solution File, Format Version 12.00
# Visual Studio Version 17
VisualStudioVersion = 17.4.33110.190
MinimumVisualStudioVersion = 10.0.40219.1
Project("{9A19103F-16F7-4668-BE54-9A1E7A4F7556}") = "BlogApp.Entities", "BlogApp.Entities\BlogApp.Entities.csproj", "{386E273D-9BB0-46B2-BA34-E9F041EFC533}"
EndProject
Project("{FAE04EC0-301F-11D3-BF4B-00C04F79EFBC}") = "BlogApp.Data", "BlogApp.Data\BlogApp.Data.csproj", "{F83E3DB4-81E2-400E-B682-46D1F04D297F}"
EndProject
Project("{FAE04EC0-301F-11D3-BF4B-00C04F79EFBC}") = "BlogApp.Service", "BlogApp.Service\BlogApp.Service.csproj", "{F551A2B6-EB76-4125-B59F-F21E649869E3}"
EndProject
Project("{FAE04EC0-301F-11D3-BF4B-00C04F79EFBC}") = "BlogApp.Shared", "BlogApp.Shared\BlogApp.Shared.csproj", "{22ECB867-A1EC-471A-826D-2260DE55BBB5}"
EndProject
Project("{FAE04EC0-301F-11D3-BF4B-00C04F79EFBC}") = "BlogApp.Mvc", "BlogApp.Mvc\BlogApp.Mvc.csproj", "{EF26D149-A52A-4E1A-B32A-05A90DC7A665}"
EndProject
Global
	GlobalSection(SolutionConfigurationPlatforms) = preSolution
		Debug|Any CPU = Debug|Any CPU
		Release|Any CPU = Release|Any CPU
	EndGlobalSection
	GlobalSection(ProjectConfigurationPlatforms) = postSolution
		{386E273D-9BB0-46B2-BA34-E9F041EFC533}.Debug|Any CPU.ActiveCfg = Debug|Any CPU
		{386E273D-9BB0-46B2-BA34-E9F041EFC533}.Debug|Any CPU.Build.0 = Debug|Any CPU
		{386E273D-9BB0-46B2-BA34-E9F041EFC533}.Release|Any CPU.ActiveCfg = Release|Any CPU
		{386E273D-9BB0-46B2-BA34-E9F041EFC533}.Release|Any CPU.Build.0 = Release|Any CPU
		{F83E3DB4-81E2-400E-B682-46D1F04D297F}.Debug|Any CPU.ActiveCfg = Debug|Any CPU
		{F83E3DB4-81E2-400E-B682-46D1F04D297F}.Debug|Any CPU.Build.0 = Debug|Any CPU
		{F83E3DB4-81E2-400E-B682-46D1F04D297F}.Release|Any CPU.ActiveCfg = Release|Any CPU
		{F83E3DB4-81E2-400E-B682-46D1F04D297F}.Release|Any CPU.Build.0 = Release|Any CPU
		{F551A2B6-EB76-4125-B59F-F21E649869E3}.Debug|Any CPU.ActiveCfg = Debug|Any CPU
		{F551A2B6-EB76-4125-B59F-F21E649869E3}.Debug|Any CPU.Build.0 = Debug|Any CPU
		{F551A2B6-EB76-4125-B59F-F21E649869E3}.Release|Any CPU.ActiveCfg = Release|Any CPU
		{F551A2B6-EB76-4125-B59F-F21E649869E3}.Release|Any CPU.Build.0 = Release|Any CPU
		{22ECB867-A1EC-471A-826D-2260DE55BBB5}.Debug|Any CPU.ActiveCfg = Debug|Any CPU
		{22ECB867-A1EC-471A-826D-2260DE55BBB5}.Debug|Any CPU.Build.0 = Debug|Any CPU
		{22ECB867-A1EC-471A-826D-2260DE55BBB5}.Release|Any CPU.ActiveCfg = Release|Any CPU
		{22ECB867-A1EC-471A-826D-2260DE55BBB5}.Release|Any CPU.Build.0 = Release|Any CPU
		{EF26D149-A52A-4E1A-B32A-05A90DC7A665}.Debug|Any CPU.ActiveCfg = Debug|Any CPU
		{EF26D149-A52A-4E1A-B32A-05A90DC7A665}.Debug|Any CPU.Build.0 = Debug|Any CPU
		{EF26D149-A52A-4E1A-B32A-05A90DC7A665}.Release|Any CPU.ActiveCfg = Release|Any CPU
		{EF26D149-A52A-4E1A-B32A-05A90DC7A665}.Release|Any CPU.Build.0 = Release|Any CPU
	EndGlobalSection
	GlobalSection(SolutionProperties) = preSolution
		HideSolutionNode = FALSE
	EndGlobalSection
	GlobalSection(ExtensibilityGlobals) = postSolution
		SolutionGuid = {F3C0D702-AF12-42AB-9EAF-EFD0399D0EE0}
	EndGlobalSection
EndGlobal
