
Microsoft Visual Studio Solution File, Format Version 12.00
# Visual Studio Version 17
VisualStudioVersion = 17.2.32630.192
MinimumVisualStudioVersion = 10.0.40219.1
Project("{FAE04EC0-301F-11D3-BF4B-00C04F79EFBC}") = "Proje10_Collections=ArrayList", "Proje10_Collections=ArrayList.csproj", "{7847511C-EC99-4FBE-B578-7ABA3BF001C7}"
EndProject
Global
	GlobalSection(SolutionConfigurationPlatforms) = preSolution
		Debug|Any CPU = Debug|Any CPU
		Release|Any CPU = Release|Any CPU
	EndGlobalSection
	GlobalSection(ProjectConfigurationPlatforms) = postSolution
		{7847511C-EC99-4FBE-B578-7ABA3BF001C7}.Debug|Any CPU.ActiveCfg = Debug|Any CPU
		{7847511C-EC99-4FBE-B578-7ABA3BF001C7}.Debug|Any CPU.Build.0 = Debug|Any CPU
		{7847511C-EC99-4FBE-B578-7ABA3BF001C7}.Release|Any CPU.ActiveCfg = Release|Any CPU
		{7847511C-EC99-4FBE-B578-7ABA3BF001C7}.Release|Any CPU.Build.0 = Release|Any CPU
	EndGlobalSection
	GlobalSection(SolutionProperties) = preSolution
		HideSolutionNode = FALSE
	EndGlobalSection
	GlobalSection(ExtensibilityGlobals) = postSolution
		SolutionGuid = {2E59EFD9-64CF-4546-8160-FF890992D576}
	EndGlobalSection
EndGlobal
