
Microsoft Visual Studio Solution File, Format Version 12.00
# Visual Studio Version 17
VisualStudioVersion = 17.2.32630.192
MinimumVisualStudioVersion = 10.0.40219.1
Project("{FAE04EC0-301F-11D3-BF4B-00C04F79EFBC}") = "Proje08_Abstract", "Proje08_Abstract.csproj", "{2AE0E06D-26EC-4398-B4C0-2114BA2646EA}"
EndProject
Global
	GlobalSection(SolutionConfigurationPlatforms) = preSolution
		Debug|Any CPU = Debug|Any CPU
		Release|Any CPU = Release|Any CPU
	EndGlobalSection
	GlobalSection(ProjectConfigurationPlatforms) = postSolution
		{2AE0E06D-26EC-4398-B4C0-2114BA2646EA}.Debug|Any CPU.ActiveCfg = Debug|Any CPU
		{2AE0E06D-26EC-4398-B4C0-2114BA2646EA}.Debug|Any CPU.Build.0 = Debug|Any CPU
		{2AE0E06D-26EC-4398-B4C0-2114BA2646EA}.Release|Any CPU.ActiveCfg = Release|Any CPU
		{2AE0E06D-26EC-4398-B4C0-2114BA2646EA}.Release|Any CPU.Build.0 = Release|Any CPU
	EndGlobalSection
	GlobalSection(SolutionProperties) = preSolution
		HideSolutionNode = FALSE
	EndGlobalSection
	GlobalSection(ExtensibilityGlobals) = postSolution
		SolutionGuid = {85B4CBE8-8547-4D2D-B8ED-D3DA1EE8ABCC}
	EndGlobalSection
EndGlobal
