
Microsoft Visual Studio Solution File, Format Version 12.00
# Visual Studio Version 17
VisualStudioVersion = 17.2.32630.192
MinimumVisualStudioVersion = 10.0.40219.1
Project("{FAE04EC0-301F-11D3-BF4B-00C04F79EFBC}") = "Proje09_Interface", "Proje09_Interface.csproj", "{8FB8B21F-D3F2-47B0-918E-68C4FC8EA9E3}"
EndProject
Global
	GlobalSection(SolutionConfigurationPlatforms) = preSolution
		Debug|Any CPU = Debug|Any CPU
		Release|Any CPU = Release|Any CPU
	EndGlobalSection
	GlobalSection(ProjectConfigurationPlatforms) = postSolution
		{8FB8B21F-D3F2-47B0-918E-68C4FC8EA9E3}.Debug|Any CPU.ActiveCfg = Debug|Any CPU
		{8FB8B21F-D3F2-47B0-918E-68C4FC8EA9E3}.Debug|Any CPU.Build.0 = Debug|Any CPU
		{8FB8B21F-D3F2-47B0-918E-68C4FC8EA9E3}.Release|Any CPU.ActiveCfg = Release|Any CPU
		{8FB8B21F-D3F2-47B0-918E-68C4FC8EA9E3}.Release|Any CPU.Build.0 = Release|Any CPU
	EndGlobalSection
	GlobalSection(SolutionProperties) = preSolution
		HideSolutionNode = FALSE
	EndGlobalSection
	GlobalSection(ExtensibilityGlobals) = postSolution
		SolutionGuid = {4F375EEF-2857-4836-8BDE-50EB24690AC2}
	EndGlobalSection
EndGlobal
