
Microsoft Visual Studio Solution File, Format Version 12.00
# Visual Studio Version 17
VisualStudioVersion = 17.2.32630.192
MinimumVisualStudioVersion = 10.0.40219.1
Project("{FAE04EC0-301F-11D3-BF4B-00C04F79EFBC}") = "Proje07_Constructor_Methods", "Proje07_Constructor_Methods.csproj", "{ECBF1AAD-8525-4441-8EBC-2B71A9EA10C7}"
EndProject
Global
	GlobalSection(SolutionConfigurationPlatforms) = preSolution
		Debug|Any CPU = Debug|Any CPU
		Release|Any CPU = Release|Any CPU
	EndGlobalSection
	GlobalSection(ProjectConfigurationPlatforms) = postSolution
		{ECBF1AAD-8525-4441-8EBC-2B71A9EA10C7}.Debug|Any CPU.ActiveCfg = Debug|Any CPU
		{ECBF1AAD-8525-4441-8EBC-2B71A9EA10C7}.Debug|Any CPU.Build.0 = Debug|Any CPU
		{ECBF1AAD-8525-4441-8EBC-2B71A9EA10C7}.Release|Any CPU.ActiveCfg = Release|Any CPU
		{ECBF1AAD-8525-4441-8EBC-2B71A9EA10C7}.Release|Any CPU.Build.0 = Release|Any CPU
	EndGlobalSection
	GlobalSection(SolutionProperties) = preSolution
		HideSolutionNode = FALSE
	EndGlobalSection
	GlobalSection(ExtensibilityGlobals) = postSolution
		SolutionGuid = {75B8D69E-8678-47D6-A620-244B5CCE7B0A}
	EndGlobalSection
EndGlobal
