
Microsoft Visual Studio Solution File, Format Version 12.00
# Visual Studio Version 17
VisualStudioVersion = 17.2.32630.192
MinimumVisualStudioVersion = 10.0.40219.1
Project("{FAE04EC0-301F-11D3-BF4B-00C04F79EFBC}") = "Proje11_Collections_GenericList", "Proje11_Collections_GenericList.csproj", "{C19505CF-D0F2-41C3-8EED-358FA46EDF13}"
EndProject
Global
	GlobalSection(SolutionConfigurationPlatforms) = preSolution
		Debug|Any CPU = Debug|Any CPU
		Release|Any CPU = Release|Any CPU
	EndGlobalSection
	GlobalSection(ProjectConfigurationPlatforms) = postSolution
		{C19505CF-D0F2-41C3-8EED-358FA46EDF13}.Debug|Any CPU.ActiveCfg = Debug|Any CPU
		{C19505CF-D0F2-41C3-8EED-358FA46EDF13}.Debug|Any CPU.Build.0 = Debug|Any CPU
		{C19505CF-D0F2-41C3-8EED-358FA46EDF13}.Release|Any CPU.ActiveCfg = Release|Any CPU
		{C19505CF-D0F2-41C3-8EED-358FA46EDF13}.Release|Any CPU.Build.0 = Release|Any CPU
	EndGlobalSection
	GlobalSection(SolutionProperties) = preSolution
		HideSolutionNode = FALSE
	EndGlobalSection
	GlobalSection(ExtensibilityGlobals) = postSolution
		SolutionGuid = {972346C5-FBD7-494E-973C-E6C0469D3D19}
	EndGlobalSection
EndGlobal
